
Microsoft Visual Studio Solution File, Format Version 12.00
# Visual Studio Version 16
VisualStudioVersion = 16.0.31205.134
MinimumVisualStudioVersion = 10.0.40219.1
Project("{9A19103F-16F7-4668-BE54-9A1E7A4F7556}") = "DAL", "DAL\DAL.csproj", "{205256AD-D131-4CDC-B087-EC4C4847BF0E}"
EndProject
Project("{9A19103F-16F7-4668-BE54-9A1E7A4F7556}") = "BLL", "BLL\BLL.csproj", "{5DEE6154-4ED6-43FE-8E9E-1579777827B1}"
EndProject
Project("{FAE04EC0-301F-11D3-BF4B-00C04F79EFBC}") = "API", "API\API.csproj", "{F3172D26-E36B-4973-9494-3CC1B5450391}"
EndProject
Global
	GlobalSection(SolutionConfigurationPlatforms) = preSolution
		Debug|Any CPU = Debug|Any CPU
		Release|Any CPU = Release|Any CPU
	EndGlobalSection
	GlobalSection(ProjectConfigurationPlatforms) = postSolution
		{205256AD-D131-4CDC-B087-EC4C4847BF0E}.Debug|Any CPU.ActiveCfg = Debug|Any CPU
		{205256AD-D131-4CDC-B087-EC4C4847BF0E}.Debug|Any CPU.Build.0 = Debug|Any CPU
		{205256AD-D131-4CDC-B087-EC4C4847BF0E}.Release|Any CPU.ActiveCfg = Release|Any CPU
		{205256AD-D131-4CDC-B087-EC4C4847BF0E}.Release|Any CPU.Build.0 = Release|Any CPU
		{5DEE6154-4ED6-43FE-8E9E-1579777827B1}.Debug|Any CPU.ActiveCfg = Debug|Any CPU
		{5DEE6154-4ED6-43FE-8E9E-1579777827B1}.Debug|Any CPU.Build.0 = Debug|Any CPU
		{5DEE6154-4ED6-43FE-8E9E-1579777827B1}.Release|Any CPU.ActiveCfg = Release|Any CPU
		{5DEE6154-4ED6-43FE-8E9E-1579777827B1}.Release|Any CPU.Build.0 = Release|Any CPU
		{F3172D26-E36B-4973-9494-3CC1B5450391}.Debug|Any CPU.ActiveCfg = Debug|Any CPU
		{F3172D26-E36B-4973-9494-3CC1B5450391}.Debug|Any CPU.Build.0 = Debug|Any CPU
		{F3172D26-E36B-4973-9494-3CC1B5450391}.Release|Any CPU.ActiveCfg = Release|Any CPU
		{F3172D26-E36B-4973-9494-3CC1B5450391}.Release|Any CPU.Build.0 = Release|Any CPU
	EndGlobalSection
	GlobalSection(SolutionProperties) = preSolution
		HideSolutionNode = FALSE
	EndGlobalSection
	GlobalSection(ExtensibilityGlobals) = postSolution
		SolutionGuid = {7A6406C3-3FAD-4DB0-8C9C-15BC8BCE760B}
	EndGlobalSection
EndGlobal
